{
  "name": "uniapp-template",
  "lockfileVersion": 2,
  "requires": true,
  "packages": {
    "": {
      "dependencies": {
        "luch-request": "^3.0.7",
        "uview-ui": "^2.0.4"
      }
    },
    "node_modules/@dcloudio/types": {
      "version": "2.5.13",
      "resolved": "https://registry.npmjs.org/@dcloudio/types/-/types-2.5.13.tgz",
      "integrity": "sha512-lrIaTmYEindkyxyLPIEXJ4USImSNb9EcLy5s+NbR02UXR2mOc245GwMxtAjEtpNstTce37aZcry8UJFzhHXcXw=="
    },
    "node_modules/luch-request": {
      "version": "3.0.7",
      "resolved": "https://registry.npmjs.org/luch-request/-/luch-request-3.0.7.tgz",
      "integrity": "sha512-rYTgAO0CiAMjuotvwhtEREQ6mh/qdgYO2a+cKDv2VPnww/MdNaHMGMpsPY6VvJCOtfH7kV9lDujjuihhlu1xmg==",
      "dependencies": {
        "@dcloudio/types": "^2.0.16"
      }
    },
    "node_modules/uview-ui": {
      "version": "2.0.4",
      "resolved": "https://registry.npmjs.org/uview-ui/-/uview-ui-2.0.4.tgz",
      "integrity": "sha512-w0FoqqOUM6O+cxCiD9as03wyoJH8QomWoJaRYzNh0NE43u1FvCDs6oUCbKIHodgQyVBP8GZjWptDPnr3YI5R7w==",
      "engines": {
        "HBuilderX": "^3.1.0"
      }
    }
  },
  "dependencies": {
    "@dcloudio/types": {
      "version": "2.5.13",
      "resolved": "https://registry.npmjs.org/@dcloudio/types/-/types-2.5.13.tgz",
      "integrity": "sha512-lrIaTmYEindkyxyLPIEXJ4USImSNb9EcLy5s+NbR02UXR2mOc245GwMxtAjEtpNstTce37aZcry8UJFzhHXcXw=="
    },
    "luch-request": {
      "version": "3.0.7",
      "resolved": "https://registry.npmjs.org/luch-request/-/luch-request-3.0.7.tgz",
      "integrity": "sha512-rYTgAO0CiAMjuotvwhtEREQ6mh/qdgYO2a+cKDv2VPnww/MdNaHMGMpsPY6VvJCOtfH7kV9lDujjuihhlu1xmg==",
      "requires": {
        "@dcloudio/types": "^2.0.16"
      }
    },
    "uview-ui": {
      "version": "2.0.4",
      "resolved": "https://registry.npmjs.org/uview-ui/-/uview-ui-2.0.4.tgz",
      "integrity": "sha512-w0FoqqOUM6O+cxCiD9as03wyoJH8QomWoJaRYzNh0NE43u1FvCDs6oUCbKIHodgQyVBP8GZjWptDPnr3YI5R7w=="
    }
  }
}
